// !$*UTF8*$!
{
	archiveVersion = 1;
	classes = {
	};
	objectVersion = 46;
	objects = {

/* Begin PBXBuildFile section */
		486B4E381E8F185C00C95108 /* AppDelegate.swift in Sources */ = {isa = PBXBuildFile; fileRef = 486B4E371E8F185C00C95108 /* AppDelegate.swift */; };
		486B4E3A1E8F185D00C95108 /* ViewController.swift in Sources */ = {isa = PBXBuildFile; fileRef = 486B4E391E8F185D00C95108 /* ViewController.swift */; };
		486B4E3D1E8F185D00C95108 /* Main.storyboard in Resources */ = {isa = PBXBuildFile; fileRef = 486B4E3B1E8F185D00C95108 /* Main.storyboard */; };
		486B4E3F1E8F185E00C95108 /* Assets.xcassets in Resources */ = {isa = PBXBuildFile; fileRef = 486B4E3E1E8F185E00C95108 /* Assets.xcassets */; };
		486B4E421E8F185E00C95108 /* LaunchScreen.storyboard in Resources */ = {isa = PBXBuildFile; fileRef = 486B4E401E8F185E00C95108 /* LaunchScreen.storyboard */; };
		486B4E4A1E8F22EC00C95108 /* HomeModel.swift in Sources */ = {isa = PBXBuildFile; fileRef = 486B4E491E8F22EC00C95108 /* HomeModel.swift */; };
		486B4E4C1E8F233500C95108 /* LocationModel.swift in Sources */ = {isa = PBXBuildFile; fileRef = 486B4E4B1E8F233500C95108 /* LocationModel.swift */; };
/* End PBXBuildFile section */

/* Begin PBXFileReference section */
		486B4E341E8F185C00C95108 /* flashcard.app */ = {isa = PBXFileReference; explicitFileType = wrapper.application; includeInIndex = 0; path = flashcard.app; sourceTree = BUILT_PRODUCTS_DIR; };
		486B4E371E8F185C00C95108 /* AppDelegate.swift */ = {isa = PBXFileReference; lastKnownFileType = sourcecode.swift; path = AppDelegate.swift; sourceTree = "<group>"; };
		486B4E391E8F185D00C95108 /* ViewController.swift */ = {isa = PBXFileReference; lastKnownFileType = sourcecode.swift; path = ViewController.swift; sourceTree = "<group>"; };
		486B4E3C1E8F185D00C95108 /* Base */ = {isa = PBXFileReference; lastKnownFileType = file.storyboard; name = Base; path = Base.lproj/Main.storyboard; sourceTree = "<group>"; };
		486B4E3E1E8F185E00C95108 /* Assets.xcassets */ = {isa = PBXFileReference; lastKnownFileType = folder.assetcatalog; path = Assets.xcassets; sourceTree = "<group>"; };
		486B4E411E8F185E00C95108 /* Base */ = {isa = PBXFileReference; lastKnownFileType = file.storyboard; name = Base; path = Base.lproj/LaunchScreen.storyboard; sourceTree = "<group>"; };
		486B4E431E8F185F00C95108 /* Info.plist */ = {isa = PBXFileReference; lastKnownFileType = text.plist.xml; path = Info.plist; sourceTree = "<group>"; };
		486B4E491E8F22EC00C95108 /* HomeModel.swift */ = {isa = PBXFileReference; fileEncoding = 4; lastKnownFileType = sourcecode.swift; path = HomeModel.swift; sourceTree = "<group>"; };
		486B4E4B1E8F233500C95108 /* LocationModel.swift */ = {isa = PBXFileReference; fileEncoding = 4; lastKnownFileType = sourcecode.swift; path = LocationModel.swift; sourceTree = "<group>"; };
/* End PBXFileReference section */

/* Begin PBXFrameworksBuildPhase section */
		486B4E311E8F185C00C95108 /* Frameworks */ = {
			isa = PBXFrameworksBuildPhase;
			buildActionMask = 2147483647;
			files = (
			);
			runOnlyForDeploymentPostprocessing = 0;
		};
/* End PBXFrameworksBuildPhase section */

/* Begin PBXGroup section */
		486B4E2B1E8F185B00C95108 = {
			isa = PBXGroup;
			children = (
				486B4E361E8F185C00C95108 /* flashcard */,
				486B4E351E8F185C00C95108 /* Products */,
			);
			sourceTree = "<group>";
		};
		486B4E351E8F185C00C95108 /* Products */ = {
			isa = PBXGroup;
			children = (
				486B4E341E8F185C00C95108 /* flashcard.app */,
			);
			name = Products;
			sourceTree = "<group>";
		};
		486B4E361E8F185C00C95108 /* flashcard */ = {
			isa = PBXGroup;
			children = (
				486B4E371E8F185C00C95108 /* AppDelegate.swift */,
				486B4E391E8F185D00C95108 /* ViewController.swift */,
				486B4E3B1E8F185D00C95108 /* Main.storyboard */,
				486B4E3E1E8F185E00C95108 /* Assets.xcassets */,
				486B4E401E8F185E00C95108 /* LaunchScreen.storyboard */,
				486B4E431E8F185F00C95108 /* Info.plist */,
				486B4E491E8F22EC00C95108 /* HomeModel.swift */,
				486B4E4B1E8F233500C95108 /* LocationModel.swift */,
			);
			path = flashcard;
			sourceTree = "<group>";
		};
/* End PBXGroup section */

/* Begin PBXNativeTarget section */
		486B4E331E8F185C00C95108 /* flashcard */ = {
			isa = PBXNativeTarget;
			buildConfigurationList = 486B4E461E8F185F00C95108 /* Build configuration list for PBXNativeTarget "flashcard" */;
			buildPhases = (
				486B4E301E8F185C00C95108 /* Sources */,
				486B4E311E8F185C00C95108 /* Frameworks */,
				486B4E321E8F185C00C95108 /* Resources */,
			);
			buildRules = (
			);
			dependencies = (
			);
			name = flashcard;
			productName = flashcard;
			productReference = 486B4E341E8F185C00C95108 /* flashcard.app */;
			productType = "com.apple.product-type.application";
		};
/* End PBXNativeTarget section */

/* Begin PBXProject section */
		486B4E2C1E8F185B00C95108 /* Project object */ = {
			isa = PBXProject;
			attributes = {
				LastSwiftUpdateCheck = 0820;
				LastUpgradeCheck = 0820;
				ORGANIZATIONNAME = user125000;
				TargetAttributes = {
					486B4E331E8F185C00C95108 = {
						CreatedOnToolsVersion = 8.2.1;
						ProvisioningStyle = Automatic;
					};
				};
			};
			buildConfigurationList = 486B4E2F1E8F185B00C95108 /* Build configuration list for PBXProject "flashcard" */;
			compatibilityVersion = "Xcode 3.2";
			developmentRegion = English;
			hasScannedForEncodings = 0;
			knownRegions = (
				en,
				Base,
			);
			mainGroup = 486B4E2B1E8F185B00C95108;
			productRefGroup = 486B4E351E8F185C00C95108 /* Products */;
			projectDirPath = "";
			projectRoot = "";
			targets = (
				486B4E331E8F185C00C95108 /* flashcard */,
			);
		};
/* End PBXProject section */

/* Begin PBXResourcesBuildPhase section */
		486B4E321E8F185C00C95108 /* Resources */ = {
			isa = PBXResourcesBuildPhase;
			buildActionMask = 2147483647;
			files = (
				486B4E421E8F185E00C95108 /* LaunchScreen.storyboard in Resources */,
				486B4E3F1E8F185E00C95108 /* Assets.xcassets in Resources */,
				486B4E3D1E8F185D00C95108 /* Main.storyboard in Resources */,
			);
			runOnlyForDeploymentPostprocessing = 0;
		};
/* End PBXResourcesBuildPhase section */

/* Begin PBXSourcesBuildPhase section */
		486B4E301E8F185C00C95108 /* Sources */ = {
			isa = PBXSourcesBuildPhase;
			buildActionMask = 2147483647;
			files = (
				486B4E4C1E8F233500C95108 /* LocationModel.swift in Sources */,
				486B4E3A1E8F185D00C95108 /* ViewController.swift in Sources */,
				486B4E4A1E8F22EC00C95108 /* HomeModel.swift in Sources */,
				486B4E381E8F185C00C95108 /* AppDelegate.swift in Sources */,
			);
			runOnlyForDeploymentPostprocessing = 0;
		};
/* End PBXSourcesBuildPhase section */

/* Begin PBXVariantGroup section */
		486B4E3B1E8F185D00C95108 /* Main.storyboard */ = {
			isa = PBXVariantGroup;
			children = (
				486B4E3C1E8F185D00C95108 /* Base */,
			);
			name = Main.storyboard;
			sourceTree = "<group>";
		};
		486B4E401E8F185E00C95108 /* LaunchScreen.storyboard */ = {
			isa = PBXVariantGroup;
			children = (
				486B4E411E8F185E00C95108 /* Base */,
			);
			name = LaunchScreen.storyboard;
			sourceTree = "<group>";
		};
/* End PBXVariantGroup section */

/* Begin XCBuildConfiguration section */
		486B4E441E8F185F00C95108 /* Debug */ = {
			isa = XCBuildConfiguration;
			buildSettings = {
				ALWAYS_SEARCH_USER_PATHS = NO;
				CLANG_ANALYZER_NONNULL = YES;
				CLANG_CXX_LANGUAGE_STANDARD = "gnu++0x";
				CLANG_CXX_LIBRARY = "libc++";
				CLANG_ENABLE_MODULES = YES;
				CLANG_ENABLE_OBJC_ARC = YES;
				CLANG_WARN_BOOL_CONVERSION = YES;
				CLANG_WARN_CONSTANT_CONVERSION = YES;
				CLANG_WARN_DIRECT_OBJC_ISA_USAGE = YES_ERROR;
				CLANG_WARN_DOCUMENTATION_COMMENTS = YES;
				CLANG_WARN_EMPTY_BODY = YES;
				CLANG_WARN_ENUM_CONVERSION = YES;
				CLANG_WARN_INFINITE_RECURSION = YES;
				CLANG_WARN_INT_CONVERSION = YES;
				CLANG_WARN_OBJC_ROOT_CLASS = YES_ERROR;
				CLANG_WARN_SUSPICIOUS_MOVE = YES;
				CLANG_WARN_UNREACHABLE_CODE = YES;
				CLANG_WARN__DUPLICATE_METHOD_MATCH = YES;
				"CODE_SIGN_IDENTITY[sdk=iphoneos*]" = "iPhone Developer";
				COPY_PHASE_STRIP = NO;
				DEBUG_INFORMATION_FORMAT = dwarf;
				ENABLE_STRICT_OBJC_MSGSEND = YES;
				ENABLE_TESTABILITY = YES;
				GCC_C_LANGUAGE_STANDARD = gnu99;
				GCC_DYNAMIC_NO_PIC = NO;
				GCC_NO_COMMON_BLOCKS = YES;
				GCC_OPTIMIZATION_LEVEL = 0;
				GCC_PREPROCESSOR_DEFINITIONS = (
					"DEBUG=1",
					"$(inherited)",
				);
				GCC_WARN_64_TO_32_BIT_CONVERSION = YES;
				GCC_WARN_ABOUT_RETURN_TYPE = YES_ERROR;
				GCC_WARN_UNDECLARED_SELECTOR = YES;
				GCC_WARN_UNINITIALIZED_AUTOS = YES_AGGRESSIVE;
				GCC_WARN_UNUSED_FUNCTION = YES;
				GCC_WARN_UNUSED_VARIABLE = YES;
				IPHONEOS_DEPLOYMENT_TARGET = 10.2;
				MTL_ENABLE_DEBUG_INFO = YES;
				ONLY_ACTIVE_ARCH = YES;
				SDKROOT = iphoneos;
				SWIFT_ACTIVE_COMPILATION_CONDITIONS = DEBUG;
				SWIFT_OPTIMIZATION_LEVEL = "-Onone";
			};
			name = Debug;
		};
		486B4E451E8F185F00C95108 /* Release */ = {
			isa = XCBuildConfiguration;
			buildSettings = {
				ALWAYS_SEARCH_USER_PATHS = NO;
				CLANG_ANALYZER_NONNULL = YES;
				CLANG_CXX_LANGUAGE_STANDARD = "gnu++0x";
				CLANG_CXX_LIBRARY = "libc++";
				CLANG_ENABLE_MODULES = YES;
				CLANG_ENABLE_OBJC_ARC = YES;
				CLANG_WARN_BOOL_CONVERSION = YES;
				CLANG_WARN_CONSTANT_CONVERSION = YES;
				CLANG_WARN_DIRECT_OBJC_ISA_USAGE = YES_ERROR;
				CLANG_WARN_DOCUMENTATION_COMMENTS = YES;
				CLANG_WARN_EMPTY_BODY = YES;
				CLANG_WARN_ENUM_CONVERSION = YES;
				CLANG_WARN_INFINITE_RECURSION = YES;
				CLANG_WARN_INT_CONVERSION = YES;
				CLANG_WARN_OBJC_ROOT_CLASS = YES_ERROR;
				CLANG_WARN_SUSPICIOUS_MOVE = YES;
				CLANG_WARN_UNREACHABLE_CODE = YES;
				CLANG_WARN__DUPLICATE_METHOD_MATCH = YES;
				"CODE_SIGN_IDENTITY[sdk=iphoneos*]" = "iPhone Developer";
				COPY_PHASE_STRIP = NO;
				DEBUG_INFORMATION_FORMAT = "dwarf-with-dsym";
				ENABLE_NS_ASSERTIONS = NO;
				ENABLE_STRICT_OBJC_MSGSEND = YES;
				GCC_C_LANGUAGE_STANDARD = gnu99;
				GCC_NO_COMMON_BLOCKS = YES;
				GCC_WARN_64_TO_32_BIT_CONVERSION = YES;
				GCC_WARN_ABOUT_RETURN_TYPE = YES_ERROR;
				GCC_WARN_UNDECLARED_SELECTOR = YES;
				GCC_WARN_UNINITIALIZED_AUTOS = YES_AGGRESSIVE;
				GCC_WARN_UNUSED_FUNCTION = YES;
				GCC_WARN_UNUSED_VARIABLE = YES;
				IPHONEOS_DEPLOYMENT_TARGET = 10.2;
				MTL_ENABLE_DEBUG_INFO = NO;
				SDKROOT = iphoneos;
				SWIFT_OPTIMIZATION_LEVEL = "-Owholemodule";
				VALIDATE_PRODUCT = YES;
			};
			name = Release;
		};
		486B4E471E8F185F00C95108 /* Debug */ = {
			isa = XCBuildConfiguration;
			buildSettings = {
				ASSETCATALOG_COMPILER_APPICON_NAME = AppIcon;
				INFOPLIST_FILE = flashcard/Info.plist;
				LD_RUNPATH_SEARCH_PATHS = "$(inherited) @executable_path/Frameworks";
				PRODUCT_BUNDLE_IDENTIFIER = mahdi.saei.flashcard;
				PRODUCT_NAME = "$(TARGET_NAME)";
				SWIFT_VERSION = 3.0;
			};
			name = Debug;
		};
		486B4E481E8F185F00C95108 /* Release */ = {
			isa = XCBuildConfiguration;
			buildSettings = {
				ASSETCATALOG_COMPILER_APPICON_NAME = AppIcon;
				INFOPLIST_FILE = flashcard/Info.plist;
				LD_RUNPATH_SEARCH_PATHS = "$(inherited) @executable_path/Frameworks";
				PRODUCT_BUNDLE_IDENTIFIER = mahdi.saei.flashcard;
				PRODUCT_NAME = "$(TARGET_NAME)";
				SWIFT_VERSION = 3.0;
			};
			name = Release;
		};
/* End XCBuildConfiguration section */

/* Begin XCConfigurationList section */
		486B4E2F1E8F185B00C95108 /* Build configuration list for PBXProject "flashcard" */ = {
			isa = XCConfigurationList;
			buildConfigurations = (
				486B4E441E8F185F00C95108 /* Debug */,
				486B4E451E8F185F00C95108 /* Release */,
			);
			defaultConfigurationIsVisible = 0;
			defaultConfigurationName = Release;
		};
		486B4E461E8F185F00C95108 /* Build configuration list for PBXNativeTarget "flashcard" */ = {
			isa = XCConfigurationList;
			buildConfigurations = (
				486B4E471E8F185F00C95108 /* Debug */,
				486B4E481E8F185F00C95108 /* Release */,
			);
			defaultConfigurationIsVisible = 0;
			defaultConfigurationName = Release;
		};
/* End XCConfigurationList section */
	};
	rootObject = 486B4E2C1E8F185B00C95108 /* Project object */;
}
